// !$*UTF8*$!
{
	archiveVersion = 1;
	classes = {
	};
	objectVersion = 46;
	objects = {

/* Begin PBXBuildFile section */
		4E964E471A231B6300CE0DFB /* main.m in Sources */ = {isa = PBXBuildFile; fileRef = 4E964E461A231B6300CE0DFB /* main.m */; };
		4E964E4A1A231B6300CE0DFB /* AppDelegate.m in Sources */ = {isa = PBXBuildFile; fileRef = 4E964E491A231B6300CE0DFB /* AppDelegate.m */; };
		4E964E4D1A231B6300CE0DFB /* ViewController.m in Sources */ = {isa = PBXBuildFile; fileRef = 4E964E4C1A231B6300CE0DFB /* ViewController.m */; };
		4E964E501A231B6300CE0DFB /* Main.storyboard in Resources */ = {isa = PBXBuildFile; fileRef = 4E964E4E1A231B6300CE0DFB /* Main.storyboard */; };
		4E964E521A231B6300CE0DFB /* Images.xcassets in Resources */ = {isa = PBXBuildFile; fileRef = 4E964E511A231B6300CE0DFB /* Images.xcassets */; };
		4E964E551A231B6300CE0DFB /* LaunchScreen.xib in Resources */ = {isa = PBXBuildFile; fileRef = 4E964E531A231B6300CE0DFB /* LaunchScreen.xib */; };
		4E964E611A231B6300CE0DFB /* KVCKVODemoTests.m in Sources */ = {isa = PBXBuildFile; fileRef = 4E964E601A231B6300CE0DFB /* KVCKVODemoTests.m */; };
		4E964E6C1A231BB200CE0DFB /* Person.m in Sources */ = {isa = PBXBuildFile; fileRef = 4E964E6B1A231BB200CE0DFB /* Person.m */; };
		4E964E6F1A23206E00CE0DFB /* WuGong.m in Sources */ = {isa = PBXBuildFile; fileRef = 4E964E6E1A23206E00CE0DFB /* WuGong.m */; };
/* End PBXBuildFile section */

/* Begin PBXContainerItemProxy section */
		4E964E5B1A231B6300CE0DFB /* PBXContainerItemProxy */ = {
			isa = PBXContainerItemProxy;
			containerPortal = 4E964E391A231B6300CE0DFB /* Project object */;
			proxyType = 1;
			remoteGlobalIDString = 4E964E401A231B6300CE0DFB;
			remoteInfo = KVCKVODemo;
		};
/* End PBXContainerItemProxy section */

/* Begin PBXFileReference section */
		4E964E411A231B6300CE0DFB /* KVCKVODemo.app */ = {isa = PBXFileReference; explicitFileType = wrapper.application; includeInIndex = 0; path = KVCKVODemo.app; sourceTree = BUILT_PRODUCTS_DIR; };
		4E964E451A231B6300CE0DFB /* Info.plist */ = {isa = PBXFileReference; lastKnownFileType = text.plist.xml; path = Info.plist; sourceTree = "<group>"; };
		4E964E461A231B6300CE0DFB /* main.m */ = {isa = PBXFileReference; lastKnownFileType = sourcecode.c.objc; path = main.m; sourceTree = "<group>"; };
		4E964E481A231B6300CE0DFB /* AppDelegate.h */ = {isa = PBXFileReference; lastKnownFileType = sourcecode.c.h; path = AppDelegate.h; sourceTree = "<group>"; };
		4E964E491A231B6300CE0DFB /* AppDelegate.m */ = {isa = PBXFileReference; lastKnownFileType = sourcecode.c.objc; path = AppDelegate.m; sourceTree = "<group>"; };
		4E964E4B1A231B6300CE0DFB /* ViewController.h */ = {isa = PBXFileReference; lastKnownFileType = sourcecode.c.h; path = ViewController.h; sourceTree = "<group>"; };
		4E964E4C1A231B6300CE0DFB /* ViewController.m */ = {isa = PBXFileReference; lastKnownFileType = sourcecode.c.objc; path = ViewController.m; sourceTree = "<group>"; };
		4E964E4F1A231B6300CE0DFB /* Base */ = {isa = PBXFileReference; lastKnownFileType = file.storyboard; name = Base; path = Base.lproj/Main.storyboard; sourceTree = "<group>"; };
		4E964E511A231B6300CE0DFB /* Images.xcassets */ = {isa = PBXFileReference; lastKnownFileType = folder.assetcatalog; path = Images.xcassets; sourceTree = "<group>"; };
		4E964E541A231B6300CE0DFB /* Base */ = {isa = PBXFileReference; lastKnownFileType = file.xib; name = Base; path = Base.lproj/LaunchScreen.xib; sourceTree = "<group>"; };
		4E964E5A1A231B6300CE0DFB /* KVCKVODemoTests.xctest */ = {isa = PBXFileReference; explicitFileType = wrapper.cfbundle; includeInIndex = 0; path = KVCKVODemoTests.xctest; sourceTree = BUILT_PRODUCTS_DIR; };
		4E964E5F1A231B6300CE0DFB /* Info.plist */ = {isa = PBXFileReference; lastKnownFileType = text.plist.xml; path = Info.plist; sourceTree = "<group>"; };
		4E964E601A231B6300CE0DFB /* KVCKVODemoTests.m */ = {isa = PBXFileReference; lastKnownFileType = sourcecode.c.objc; path = KVCKVODemoTests.m; sourceTree = "<group>"; };
		4E964E6A1A231BB200CE0DFB /* Person.h */ = {isa = PBXFileReference; fileEncoding = 4; lastKnownFileType = sourcecode.c.h; path = Person.h; sourceTree = "<group>"; };
		4E964E6B1A231BB200CE0DFB /* Person.m */ = {isa = PBXFileReference; fileEncoding = 4; lastKnownFileType = sourcecode.c.objc; path = Person.m; sourceTree = "<group>"; };
		4E964E6D1A23206E00CE0DFB /* WuGong.h */ = {isa = PBXFileReference; fileEncoding = 4; lastKnownFileType = sourcecode.c.h; path = WuGong.h; sourceTree = "<group>"; };
		4E964E6E1A23206E00CE0DFB /* WuGong.m */ = {isa = PBXFileReference; fileEncoding = 4; lastKnownFileType = sourcecode.c.objc; path = WuGong.m; sourceTree = "<group>"; };
/* End PBXFileReference section */

/* Begin PBXFrameworksBuildPhase section */
		4E964E3E1A231B6300CE0DFB /* Frameworks */ = {
			isa = PBXFrameworksBuildPhase;
			buildActionMask = 2147483647;
			files = (
			);
			runOnlyForDeploymentPostprocessing = 0;
		};
		4E964E571A231B6300CE0DFB /* Frameworks */ = {
			isa = PBXFrameworksBuildPhase;
			buildActionMask = 2147483647;
			files = (
			);
			runOnlyForDeploymentPostprocessing = 0;
		};
/* End PBXFrameworksBuildPhase section */

/* Begin PBXGroup section */
		4E964E381A231B6300CE0DFB = {
			isa = PBXGroup;
			children = (
				4E964E431A231B6300CE0DFB /* KVCKVODemo */,
				4E964E5D1A231B6300CE0DFB /* KVCKVODemoTests */,
				4E964E421A231B6300CE0DFB /* Products */,
			);
			sourceTree = "<group>";
		};
		4E964E421A231B6300CE0DFB /* Products */ = {
			isa = PBXGroup;
			children = (
				4E964E411A231B6300CE0DFB /* KVCKVODemo.app */,
				4E964E5A1A231B6300CE0DFB /* KVCKVODemoTests.xctest */,
			);
			name = Products;
			sourceTree = "<group>";
		};
		4E964E431A231B6300CE0DFB /* KVCKVODemo */ = {
			isa = PBXGroup;
			children = (
				4E964E481A231B6300CE0DFB /* AppDelegate.h */,
				4E964E491A231B6300CE0DFB /* AppDelegate.m */,
				4E964E4B1A231B6300CE0DFB /* ViewController.h */,
				4E964E4C1A231B6300CE0DFB /* ViewController.m */,
				4E964E6A1A231BB200CE0DFB /* Person.h */,
				4E964E6B1A231BB200CE0DFB /* Person.m */,
				4E964E6D1A23206E00CE0DFB /* WuGong.h */,
				4E964E6E1A23206E00CE0DFB /* WuGong.m */,
				4E964E4E1A231B6300CE0DFB /* Main.storyboard */,
				4E964E511A231B6300CE0DFB /* Images.xcassets */,
				4E964E531A231B6300CE0DFB /* LaunchScreen.xib */,
				4E964E441A231B6300CE0DFB /* Supporting Files */,
			);
			path = KVCKVODemo;
			sourceTree = "<group>";
		};
		4E964E441A231B6300CE0DFB /* Supporting Files */ = {
			isa = PBXGroup;
			children = (
				4E964E451A231B6300CE0DFB /* Info.plist */,
				4E964E461A231B6300CE0DFB /* main.m */,
			);
			name = "Supporting Files";
			sourceTree = "<group>";
		};
		4E964E5D1A231B6300CE0DFB /* KVCKVODemoTests */ = {
			isa = PBXGroup;
			children = (
				4E964E601A231B6300CE0DFB /* KVCKVODemoTests.m */,
				4E964E5E1A231B6300CE0DFB /* Supporting Files */,
			);
			path = KVCKVODemoTests;
			sourceTree = "<group>";
		};
		4E964E5E1A231B6300CE0DFB /* Supporting Files */ = {
			isa = PBXGroup;
			children = (
				4E964E5F1A231B6300CE0DFB /* Info.plist */,
			);
			name = "Supporting Files";
			sourceTree = "<group>";
		};
/* End PBXGroup section */

/* Begin PBXNativeTarget section */
		4E964E401A231B6300CE0DFB /* KVCKVODemo */ = {
			isa = PBXNativeTarget;
			buildConfigurationList = 4E964E641A231B6300CE0DFB /* Build configuration list for PBXNativeTarget "KVCKVODemo" */;
			buildPhases = (
				4E964E3D1A231B6300CE0DFB /* Sources */,
				4E964E3E1A231B6300CE0DFB /* Frameworks */,
				4E964E3F1A231B6300CE0DFB /* Resources */,
			);
			buildRules = (
			);
			dependencies = (
			);
			name = KVCKVODemo;
			productName = KVCKVODemo;
			productReference = 4E964E411A231B6300CE0DFB /* KVCKVODemo.app */;
			productType = "com.apple.product-type.application";
		};
		4E964E591A231B6300CE0DFB /* KVCKVODemoTests */ = {
			isa = PBXNativeTarget;
			buildConfigurationList = 4E964E671A231B6300CE0DFB /* Build configuration list for PBXNativeTarget "KVCKVODemoTests" */;
			buildPhases = (
				4E964E561A231B6300CE0DFB /* Sources */,
				4E964E571A231B6300CE0DFB /* Frameworks */,
				4E964E581A231B6300CE0DFB /* Resources */,
			);
			buildRules = (
			);
			dependencies = (
				4E964E5C1A231B6300CE0DFB /* PBXTargetDependency */,
			);
			name = KVCKVODemoTests;
			productName = KVCKVODemoTests;
			productReference = 4E964E5A1A231B6300CE0DFB /* KVCKVODemoTests.xctest */;
			productType = "com.apple.product-type.bundle.unit-test";
		};
/* End PBXNativeTarget section */

/* Begin PBXProject section */
		4E964E391A231B6300CE0DFB /* Project object */ = {
			isa = PBXProject;
			attributes = {
				LastUpgradeCheck = 0610;
				ORGANIZATIONNAME = pk;
				TargetAttributes = {
					4E964E401A231B6300CE0DFB = {
						CreatedOnToolsVersion = 6.1;
					};
					4E964E591A231B6300CE0DFB = {
						CreatedOnToolsVersion = 6.1;
						TestTargetID = 4E964E401A231B6300CE0DFB;
					};
				};
			};
			buildConfigurationList = 4E964E3C1A231B6300CE0DFB /* Build configuration list for PBXProject "KVCKVODemo" */;
			compatibilityVersion = "Xcode 3.2";
			developmentRegion = English;
			hasScannedForEncodings = 0;
			knownRegions = (
				en,
				Base,
			);
			mainGroup = 4E964E381A231B6300CE0DFB;
			productRefGroup = 4E964E421A231B6300CE0DFB /* Products */;
			projectDirPath = "";
			projectRoot = "";
			targets = (
				4E964E401A231B6300CE0DFB /* KVCKVODemo */,
				4E964E591A231B6300CE0DFB /* KVCKVODemoTests */,
			);
		};
/* End PBXProject section */

/* Begin PBXResourcesBuildPhase section */
		4E964E3F1A231B6300CE0DFB /* Resources */ = {
			isa = PBXResourcesBuildPhase;
			buildActionMask = 2147483647;
			files = (
				4E964E501A231B6300CE0DFB /* Main.storyboard in Resources */,
				4E964E551A231B6300CE0DFB /* LaunchScreen.xib in Resources */,
				4E964E521A231B6300CE0DFB /* Images.xcassets in Resources */,
			);
			runOnlyForDeploymentPostprocessing = 0;
		};
		4E964E581A231B6300CE0DFB /* Resources */ = {
			isa = PBXResourcesBuildPhase;
			buildActionMask = 2147483647;
			files = (
			);
			runOnlyForDeploymentPostprocessing = 0;
		};
/* End PBXResourcesBuildPhase section */

/* Begin PBXSourcesBuildPhase section */
		4E964E3D1A231B6300CE0DFB /* Sources */ = {
			isa = PBXSourcesBuildPhase;
			buildActionMask = 2147483647;
			files = (
				4E964E6F1A23206E00CE0DFB /* WuGong.m in Sources */,
				4E964E4D1A231B6300CE0DFB /* ViewController.m in Sources */,
				4E964E4A1A231B6300CE0DFB /* AppDelegate.m in Sources */,
				4E964E6C1A231BB200CE0DFB /* Person.m in Sources */,
				4E964E471A231B6300CE0DFB /* main.m in Sources */,
			);
			runOnlyForDeploymentPostprocessing = 0;
		};
		4E964E561A231B6300CE0DFB /* Sources */ = {
			isa = PBXSourcesBuildPhase;
			buildActionMask = 2147483647;
			files = (
				4E964E611A231B6300CE0DFB /* KVCKVODemoTests.m in Sources */,
			);
			runOnlyForDeploymentPostprocessing = 0;
		};
/* End PBXSourcesBuildPhase section */

/* Begin PBXTargetDependency section */
		4E964E5C1A231B6300CE0DFB /* PBXTargetDependency */ = {
			isa = PBXTargetDependency;
			target = 4E964E401A231B6300CE0DFB /* KVCKVODemo */;
			targetProxy = 4E964E5B1A231B6300CE0DFB /* PBXContainerItemProxy */;
		};
/* End PBXTargetDependency section */

/* Begin PBXVariantGroup section */
		4E964E4E1A231B6300CE0DFB /* Main.storyboard */ = {
			isa = PBXVariantGroup;
			children = (
				4E964E4F1A231B6300CE0DFB /* Base */,
			);
			name = Main.storyboard;
			sourceTree = "<group>";
		};
		4E964E531A231B6300CE0DFB /* LaunchScreen.xib */ = {
			isa = PBXVariantGroup;
			children = (
				4E964E541A231B6300CE0DFB /* Base */,
			);
			name = LaunchScreen.xib;
			sourceTree = "<group>";
		};
/* End PBXVariantGroup section */

/* Begin XCBuildConfiguration section */
		4E964E621A231B6300CE0DFB /* Debug */ = {
			isa = XCBuildConfiguration;
			buildSettings = {
				ALWAYS_SEARCH_USER_PATHS = NO;
				CLANG_CXX_LANGUAGE_STANDARD = "gnu++0x";
				CLANG_CXX_LIBRARY = "libc++";
				CLANG_ENABLE_MODULES = YES;
				CLANG_ENABLE_OBJC_ARC = YES;
				CLANG_WARN_BOOL_CONVERSION = YES;
				CLANG_WARN_CONSTANT_CONVERSION = YES;
				CLANG_WARN_DIRECT_OBJC_ISA_USAGE = YES_ERROR;
				CLANG_WARN_EMPTY_BODY = YES;
				CLANG_WARN_ENUM_CONVERSION = YES;
				CLANG_WARN_INT_CONVERSION = YES;
				CLANG_WARN_OBJC_ROOT_CLASS = YES_ERROR;
				CLANG_WARN_UNREACHABLE_CODE = YES;
				CLANG_WARN__DUPLICATE_METHOD_MATCH = YES;
				"CODE_SIGN_IDENTITY[sdk=iphoneos*]" = "iPhone Developer";
				COPY_PHASE_STRIP = NO;
				ENABLE_STRICT_OBJC_MSGSEND = YES;
				GCC_C_LANGUAGE_STANDARD = gnu99;
				GCC_DYNAMIC_NO_PIC = NO;
				GCC_OPTIMIZATION_LEVEL = 0;
				GCC_PREPROCESSOR_DEFINITIONS = (
					"DEBUG=1",
					"$(inherited)",
				);
				GCC_SYMBOLS_PRIVATE_EXTERN = NO;
				GCC_WARN_64_TO_32_BIT_CONVERSION = YES;
				GCC_WARN_ABOUT_RETURN_TYPE = YES_ERROR;
				GCC_WARN_UNDECLARED_SELECTOR = YES;
				GCC_WARN_UNINITIALIZED_AUTOS = YES_AGGRESSIVE;
				GCC_WARN_UNUSED_FUNCTION = YES;
				GCC_WARN_UNUSED_VARIABLE = YES;
				IPHONEOS_DEPLOYMENT_TARGET = 8.1;
				MTL_ENABLE_DEBUG_INFO = YES;
				ONLY_ACTIVE_ARCH = YES;
				SDKROOT = iphoneos;
			};
			name = Debug;
		};
		4E964E631A231B6300CE0DFB /* Release */ = {
			isa = XCBuildConfiguration;
			buildSettings = {
				ALWAYS_SEARCH_USER_PATHS = NO;
				CLANG_CXX_LANGUAGE_STANDARD = "gnu++0x";
				CLANG_CXX_LIBRARY = "libc++";
				CLANG_ENABLE_MODULES = YES;
				CLANG_ENABLE_OBJC_ARC = YES;
				CLANG_WARN_BOOL_CONVERSION = YES;
				CLANG_WARN_CONSTANT_CONVERSION = YES;
				CLANG_WARN_DIRECT_OBJC_ISA_USAGE = YES_ERROR;
				CLANG_WARN_EMPTY_BODY = YES;
				CLANG_WARN_ENUM_CONVERSION = YES;
				CLANG_WARN_INT_CONVERSION = YES;
				CLANG_WARN_OBJC_ROOT_CLASS = YES_ERROR;
				CLANG_WARN_UNREACHABLE_CODE = YES;
				CLANG_WARN__DUPLICATE_METHOD_MATCH = YES;
				"CODE_SIGN_IDENTITY[sdk=iphoneos*]" = "iPhone Developer";
				COPY_PHASE_STRIP = YES;
				ENABLE_NS_ASSERTIONS = NO;
				ENABLE_STRICT_OBJC_MSGSEND = YES;
				GCC_C_LANGUAGE_STANDARD = gnu99;
				GCC_WARN_64_TO_32_BIT_CONVERSION = YES;
				GCC_WARN_ABOUT_RETURN_TYPE = YES_ERROR;
				GCC_WARN_UNDECLARED_SELECTOR = YES;
				GCC_WARN_UNINITIALIZED_AUTOS = YES_AGGRESSIVE;
				GCC_WARN_UNUSED_FUNCTION = YES;
				GCC_WARN_UNUSED_VARIABLE = YES;
				IPHONEOS_DEPLOYMENT_TARGET = 8.1;
				MTL_ENABLE_DEBUG_INFO = NO;
				SDKROOT = iphoneos;
				VALIDATE_PRODUCT = YES;
			};
			name = Release;
		};
		4E964E651A231B6300CE0DFB /* Debug */ = {
			isa = XCBuildConfiguration;
			buildSettings = {
				ASSETCATALOG_COMPILER_APPICON_NAME = AppIcon;
				INFOPLIST_FILE = KVCKVODemo/Info.plist;
				LD_RUNPATH_SEARCH_PATHS = "$(inherited) @executable_path/Frameworks";
				PRODUCT_NAME = "$(TARGET_NAME)";
			};
			name = Debug;
		};
		4E964E661A231B6300CE0DFB /* Release */ = {
			isa = XCBuildConfiguration;
			buildSettings = {
				ASSETCATALOG_COMPILER_APPICON_NAME = AppIcon;
				INFOPLIST_FILE = KVCKVODemo/Info.plist;
				LD_RUNPATH_SEARCH_PATHS = "$(inherited) @executable_path/Frameworks";
				PRODUCT_NAME = "$(TARGET_NAME)";
			};
			name = Release;
		};
		4E964E681A231B6300CE0DFB /* Debug */ = {
			isa = XCBuildConfiguration;
			buildSettings = {
				BUNDLE_LOADER = "$(TEST_HOST)";
				FRAMEWORK_SEARCH_PATHS = (
					"$(SDKROOT)/Developer/Library/Frameworks",
					"$(inherited)",
				);
				GCC_PREPROCESSOR_DEFINITIONS = (
					"DEBUG=1",
					"$(inherited)",
				);
				INFOPLIST_FILE = KVCKVODemoTests/Info.plist;
				LD_RUNPATH_SEARCH_PATHS = "$(inherited) @executable_path/Frameworks @loader_path/Frameworks";
				PRODUCT_NAME = "$(TARGET_NAME)";
				TEST_HOST = "$(BUILT_PRODUCTS_DIR)/KVCKVODemo.app/KVCKVODemo";
			};
			name = Debug;
		};
		4E964E691A231B6300CE0DFB /* Release */ = {
			isa = XCBuildConfiguration;
			buildSettings = {
				BUNDLE_LOADER = "$(TEST_HOST)";
				FRAMEWORK_SEARCH_PATHS = (
					"$(SDKROOT)/Developer/Library/Frameworks",
					"$(inherited)",
				);
				INFOPLIST_FILE = KVCKVODemoTests/Info.plist;
				LD_RUNPATH_SEARCH_PATHS = "$(inherited) @executable_path/Frameworks @loader_path/Frameworks";
				PRODUCT_NAME = "$(TARGET_NAME)";
				TEST_HOST = "$(BUILT_PRODUCTS_DIR)/KVCKVODemo.app/KVCKVODemo";
			};
			name = Release;
		};
/* End XCBuildConfiguration section */

/* Begin XCConfigurationList section */
		4E964E3C1A231B6300CE0DFB /* Build configuration list for PBXProject "KVCKVODemo" */ = {
			isa = XCConfigurationList;
			buildConfigurations = (
				4E964E621A231B6300CE0DFB /* Debug */,
				4E964E631A231B6300CE0DFB /* Release */,
			);
			defaultConfigurationIsVisible = 0;
			defaultConfigurationName = Release;
		};
		4E964E641A231B6300CE0DFB /* Build configuration list for PBXNativeTarget "KVCKVODemo" */ = {
			isa = XCConfigurationList;
			buildConfigurations = (
				4E964E651A231B6300CE0DFB /* Debug */,
				4E964E661A231B6300CE0DFB /* Release */,
			);
			defaultConfigurationIsVisible = 0;
		};
		4E964E671A231B6300CE0DFB /* Build configuration list for PBXNativeTarget "KVCKVODemoTests" */ = {
			isa = XCConfigurationList;
			buildConfigurations = (
				4E964E681A231B6300CE0DFB /* Debug */,
				4E964E691A231B6300CE0DFB /* Release */,
			);
			defaultConfigurationIsVisible = 0;
		};
/* End XCConfigurationList section */
	};
	rootObject = 4E964E391A231B6300CE0DFB /* Project object */;
}
